// !$*UTF8*$!
{
	archiveVersion = 1;
	classes = {
	};
	objectVersion = 46;
	objects = {

/* Begin PBXBuildFile section */
		7095502F1E15BC4800733D3B /* AppDelegate.swift in Sources */ = {isa = PBXBuildFile; fileRef = 7095502E1E15BC4800733D3B /* AppDelegate.swift */; };
		709550311E15BC4800733D3B /* ViewController.swift in Sources */ = {isa = PBXBuildFile; fileRef = 709550301E15BC4800733D3B /* ViewController.swift */; };
		709550341E15BC4800733D3B /* Main.storyboard in Resources */ = {isa = PBXBuildFile; fileRef = 709550321E15BC4800733D3B /* Main.storyboard */; };
		709550361E15BC4800733D3B /* Assets.xcassets in Resources */ = {isa = PBXBuildFile; fileRef = 709550351E15BC4800733D3B /* Assets.xcassets */; };
		709550391E15BC4800733D3B /* LaunchScreen.storyboard in Resources */ = {isa = PBXBuildFile; fileRef = 709550371E15BC4800733D3B /* LaunchScreen.storyboard */; };
		70AFBD191E1C4EDC00FD8B3D /* meow.m4a in Resources */ = {isa = PBXBuildFile; fileRef = 70AFBD151E1C4EDC00FD8B3D /* meow.m4a */; };
		70AFBD1A1E1C4EDC00FD8B3D /* moo.m4a in Resources */ = {isa = PBXBuildFile; fileRef = 70AFBD161E1C4EDC00FD8B3D /* moo.m4a */; };
		70AFBD1B1E1C4EDC00FD8B3D /* SimpleSound.swift in Sources */ = {isa = PBXBuildFile; fileRef = 70AFBD171E1C4EDC00FD8B3D /* SimpleSound.swift */; };
		70AFBD1C1E1C4EDC00FD8B3D /* woof.m4a in Resources */ = {isa = PBXBuildFile; fileRef = 70AFBD181E1C4EDC00FD8B3D /* woof.m4a */; };
/* End PBXBuildFile section */

/* Begin PBXFileReference section */
		7095502B1E15BC4800733D3B /* AnimalSounds.app */ = {isa = PBXFileReference; explicitFileType = wrapper.application; includeInIndex = 0; path = AnimalSounds.app; sourceTree = BUILT_PRODUCTS_DIR; };
		7095502E1E15BC4800733D3B /* AppDelegate.swift */ = {isa = PBXFileReference; lastKnownFileType = sourcecode.swift; path = AppDelegate.swift; sourceTree = "<group>"; };
		709550301E15BC4800733D3B /* ViewController.swift */ = {isa = PBXFileReference; lastKnownFileType = sourcecode.swift; path = ViewController.swift; sourceTree = "<group>"; };
		709550331E15BC4800733D3B /* Base */ = {isa = PBXFileReference; lastKnownFileType = file.storyboard; name = Base; path = Base.lproj/Main.storyboard; sourceTree = "<group>"; };
		709550351E15BC4800733D3B /* Assets.xcassets */ = {isa = PBXFileReference; lastKnownFileType = folder.assetcatalog; path = Assets.xcassets; sourceTree = "<group>"; };
		709550381E15BC4800733D3B /* Base */ = {isa = PBXFileReference; lastKnownFileType = file.storyboard; name = Base; path = Base.lproj/LaunchScreen.storyboard; sourceTree = "<group>"; };
		7095503A1E15BC4800733D3B /* Info.plist */ = {isa = PBXFileReference; lastKnownFileType = text.plist.xml; path = Info.plist; sourceTree = "<group>"; };
		70AFBD151E1C4EDC00FD8B3D /* meow.m4a */ = {isa = PBXFileReference; lastKnownFileType = file; path = meow.m4a; sourceTree = "<group>"; };
		70AFBD161E1C4EDC00FD8B3D /* moo.m4a */ = {isa = PBXFileReference; lastKnownFileType = file; path = moo.m4a; sourceTree = "<group>"; };
		70AFBD171E1C4EDC00FD8B3D /* SimpleSound.swift */ = {isa = PBXFileReference; fileEncoding = 4; lastKnownFileType = sourcecode.swift; path = SimpleSound.swift; sourceTree = "<group>"; };
		70AFBD181E1C4EDC00FD8B3D /* woof.m4a */ = {isa = PBXFileReference; lastKnownFileType = file; path = woof.m4a; sourceTree = "<group>"; };
/* End PBXFileReference section */

/* Begin PBXFrameworksBuildPhase section */
		709550281E15BC4800733D3B /* Frameworks */ = {
			isa = PBXFrameworksBuildPhase;
			buildActionMask = 2147483647;
			files = (
			);
			runOnlyForDeploymentPostprocessing = 0;
		};
/* End PBXFrameworksBuildPhase section */

/* Begin PBXGroup section */
		709550221E15BC4800733D3B = {
			isa = PBXGroup;
			children = (
				7095502D1E15BC4800733D3B /* AnimalSounds */,
				7095502C1E15BC4800733D3B /* Products */,
			);
			sourceTree = "<group>";
		};
		7095502C1E15BC4800733D3B /* Products */ = {
			isa = PBXGroup;
			children = (
				7095502B1E15BC4800733D3B /* AnimalSounds.app */,
			);
			name = Products;
			sourceTree = "<group>";
		};
		7095502D1E15BC4800733D3B /* AnimalSounds */ = {
			isa = PBXGroup;
			children = (
				7095502E1E15BC4800733D3B /* AppDelegate.swift */,
				709550301E15BC4800733D3B /* ViewController.swift */,
				709550321E15BC4800733D3B /* Main.storyboard */,
				709550351E15BC4800733D3B /* Assets.xcassets */,
				709550371E15BC4800733D3B /* LaunchScreen.storyboard */,
				7095503A1E15BC4800733D3B /* Info.plist */,
				70AFBD141E1C4EDC00FD8B3D /* AnimalSounds */,
			);
			path = AnimalSounds;
			sourceTree = "<group>";
		};
		70AFBD141E1C4EDC00FD8B3D /* AnimalSounds */ = {
			isa = PBXGroup;
			children = (
				70AFBD151E1C4EDC00FD8B3D /* meow.m4a */,
				70AFBD161E1C4EDC00FD8B3D /* moo.m4a */,
				70AFBD171E1C4EDC00FD8B3D /* SimpleSound.swift */,
				70AFBD181E1C4EDC00FD8B3D /* woof.m4a */,
			);
			path = AnimalSounds;
			sourceTree = "<group>";
		};
/* End PBXGroup section */

/* Begin PBXNativeTarget section */
		7095502A1E15BC4800733D3B /* AnimalSounds */ = {
			isa = PBXNativeTarget;
			buildConfigurationList = 7095503D1E15BC4800733D3B /* Build configuration list for PBXNativeTarget "AnimalSounds" */;
			buildPhases = (
				709550271E15BC4800733D3B /* Sources */,
				709550281E15BC4800733D3B /* Frameworks */,
				709550291E15BC4800733D3B /* Resources */,
			);
			buildRules = (
			);
			dependencies = (
			);
			name = AnimalSounds;
			productName = AnimalSounds;
			productReference = 7095502B1E15BC4800733D3B /* AnimalSounds.app */;
			productType = "com.apple.product-type.application";
		};
/* End PBXNativeTarget section */

/* Begin PBXProject section */
		709550231E15BC4800733D3B /* Project object */ = {
			isa = PBXProject;
			attributes = {
				LastSwiftUpdateCheck = 0820;
				LastUpgradeCheck = 0820;
				ORGANIZATIONNAME = "Rhen Anderson";
				TargetAttributes = {
					7095502A1E15BC4800733D3B = {
						CreatedOnToolsVersion = 8.2.1;
						DevelopmentTeam = SGSU47EJ9U;
						ProvisioningStyle = Automatic;
					};
				};
			};
			buildConfigurationList = 709550261E15BC4800733D3B /* Build configuration list for PBXProject "AnimalSounds" */;
			compatibilityVersion = "Xcode 3.2";
			developmentRegion = English;
			hasScannedForEncodings = 0;
			knownRegions = (
				en,
				Base,
			);
			mainGroup = 709550221E15BC4800733D3B;
			productRefGroup = 7095502C1E15BC4800733D3B /* Products */;
			projectDirPath = "";
			projectRoot = "";
			targets = (
				7095502A1E15BC4800733D3B /* AnimalSounds */,
			);
		};
/* End PBXProject section */

/* Begin PBXResourcesBuildPhase section */
		709550291E15BC4800733D3B /* Resources */ = {
			isa = PBXResourcesBuildPhase;
			buildActionMask = 2147483647;
			files = (
				70AFBD191E1C4EDC00FD8B3D /* meow.m4a in Resources */,
				70AFBD1C1E1C4EDC00FD8B3D /* woof.m4a in Resources */,
				70AFBD1A1E1C4EDC00FD8B3D /* moo.m4a in Resources */,
				709550391E15BC4800733D3B /* LaunchScreen.storyboard in Resources */,
				709550361E15BC4800733D3B /* Assets.xcassets in Resources */,
				709550341E15BC4800733D3B /* Main.storyboard in Resources */,
			);
			runOnlyForDeploymentPostprocessing = 0;
		};
/* End PBXResourcesBuildPhase section */

/* Begin PBXSourcesBuildPhase section */
		709550271E15BC4800733D3B /* Sources */ = {
			isa = PBXSourcesBuildPhase;
			buildActionMask = 2147483647;
			files = (
				70AFBD1B1E1C4EDC00FD8B3D /* SimpleSound.swift in Sources */,
				709550311E15BC4800733D3B /* ViewController.swift in Sources */,
				7095502F1E15BC4800733D3B /* AppDelegate.swift in Sources */,
			);
			runOnlyForDeploymentPostprocessing = 0;
		};
/* End PBXSourcesBuildPhase section */

/* Begin PBXVariantGroup section */
		709550321E15BC4800733D3B /* Main.storyboard */ = {
			isa = PBXVariantGroup;
			children = (
				709550331E15BC4800733D3B /* Base */,
			);
			name = Main.storyboard;
			sourceTree = "<group>";
		};
		709550371E15BC4800733D3B /* LaunchScreen.storyboard */ = {
			isa = PBXVariantGroup;
			children = (
				709550381E15BC4800733D3B /* Base */,
			);
			name = LaunchScreen.storyboard;
			sourceTree = "<group>";
		};
/* End PBXVariantGroup section */

/* Begin XCBuildConfiguration section */
		7095503B1E15BC4800733D3B /* Debug */ = {
			isa = XCBuildConfiguration;
			buildSettings = {
				ALWAYS_SEARCH_USER_PATHS = NO;
				CLANG_ANALYZER_NONNULL = YES;
				CLANG_CXX_LANGUAGE_STANDARD = "gnu++0x";
				CLANG_CXX_LIBRARY = "libc++";
				CLANG_ENABLE_MODULES = YES;
				CLANG_ENABLE_OBJC_ARC = YES;
				CLANG_WARN_BOOL_CONVERSION = YES;
				CLANG_WARN_CONSTANT_CONVERSION = YES;
				CLANG_WARN_DIRECT_OBJC_ISA_USAGE = YES_ERROR;
				CLANG_WARN_DOCUMENTATION_COMMENTS = YES;
				CLANG_WARN_EMPTY_BODY = YES;
				CLANG_WARN_ENUM_CONVERSION = YES;
				CLANG_WARN_INFINITE_RECURSION = YES;
				CLANG_WARN_INT_CONVERSION = YES;
				CLANG_WARN_OBJC_ROOT_CLASS = YES_ERROR;
				CLANG_WARN_SUSPICIOUS_MOVE = YES;
				CLANG_WARN_UNREACHABLE_CODE = YES;
				CLANG_WARN__DUPLICATE_METHOD_MATCH = YES;
				"CODE_SIGN_IDENTITY[sdk=iphoneos*]" = "iPhone Developer";
				COPY_PHASE_STRIP = NO;
				DEBUG_INFORMATION_FORMAT = dwarf;
				ENABLE_STRICT_OBJC_MSGSEND = YES;
				ENABLE_TESTABILITY = YES;
				GCC_C_LANGUAGE_STANDARD = gnu99;
				GCC_DYNAMIC_NO_PIC = NO;
				GCC_NO_COMMON_BLOCKS = YES;
				GCC_OPTIMIZATION_LEVEL = 0;
				GCC_PREPROCESSOR_DEFINITIONS = (
					"DEBUG=1",
					"$(inherited)",
				);
				GCC_WARN_64_TO_32_BIT_CONVERSION = YES;
				GCC_WARN_ABOUT_RETURN_TYPE = YES_ERROR;
				GCC_WARN_UNDECLARED_SELECTOR = YES;
				GCC_WARN_UNINITIALIZED_AUTOS = YES_AGGRESSIVE;
				GCC_WARN_UNUSED_FUNCTION = YES;
				GCC_WARN_UNUSED_VARIABLE = YES;
				IPHONEOS_DEPLOYMENT_TARGET = 10.2;
				MTL_ENABLE_DEBUG_INFO = YES;
				ONLY_ACTIVE_ARCH = YES;
				SDKROOT = iphoneos;
				SWIFT_ACTIVE_COMPILATION_CONDITIONS = DEBUG;
				SWIFT_OPTIMIZATION_LEVEL = "-Onone";
				TARGETED_DEVICE_FAMILY = "1,2";
			};
			name = Debug;
		};
		7095503C1E15BC4800733D3B /* Release */ = {
			isa = XCBuildConfiguration;
			buildSettings = {
				ALWAYS_SEARCH_USER_PATHS = NO;
				CLANG_ANALYZER_NONNULL = YES;
				CLANG_CXX_LANGUAGE_STANDARD = "gnu++0x";
				CLANG_CXX_LIBRARY = "libc++";
				CLANG_ENABLE_MODULES = YES;
				CLANG_ENABLE_OBJC_ARC = YES;
				CLANG_WARN_BOOL_CONVERSION = YES;
				CLANG_WARN_CONSTANT_CONVERSION = YES;
				CLANG_WARN_DIRECT_OBJC_ISA_USAGE = YES_ERROR;
				CLANG_WARN_DOCUMENTATION_COMMENTS = YES;
				CLANG_WARN_EMPTY_BODY = YES;
				CLANG_WARN_ENUM_CONVERSION = YES;
				CLANG_WARN_INFINITE_RECURSION = YES;
				CLANG_WARN_INT_CONVERSION = YES;
				CLANG_WARN_OBJC_ROOT_CLASS = YES_ERROR;
				CLANG_WARN_SUSPICIOUS_MOVE = YES;
				CLANG_WARN_UNREACHABLE_CODE = YES;
				CLANG_WARN__DUPLICATE_METHOD_MATCH = YES;
				"CODE_SIGN_IDENTITY[sdk=iphoneos*]" = "iPhone Developer";
				COPY_PHASE_STRIP = NO;
				DEBUG_INFORMATION_FORMAT = "dwarf-with-dsym";
				ENABLE_NS_ASSERTIONS = NO;
				ENABLE_STRICT_OBJC_MSGSEND = YES;
				GCC_C_LANGUAGE_STANDARD = gnu99;
				GCC_NO_COMMON_BLOCKS = YES;
				GCC_WARN_64_TO_32_BIT_CONVERSION = YES;
				GCC_WARN_ABOUT_RETURN_TYPE = YES_ERROR;
				GCC_WARN_UNDECLARED_SELECTOR = YES;
				GCC_WARN_UNINITIALIZED_AUTOS = YES_AGGRESSIVE;
				GCC_WARN_UNUSED_FUNCTION = YES;
				GCC_WARN_UNUSED_VARIABLE = YES;
				IPHONEOS_DEPLOYMENT_TARGET = 10.2;
				MTL_ENABLE_DEBUG_INFO = NO;
				SDKROOT = iphoneos;
				SWIFT_OPTIMIZATION_LEVEL = "-Owholemodule";
				TARGETED_DEVICE_FAMILY = "1,2";
				VALIDATE_PRODUCT = YES;
			};
			name = Release;
		};
		7095503E1E15BC4800733D3B /* Debug */ = {
			isa = XCBuildConfiguration;
			buildSettings = {
				ASSETCATALOG_COMPILER_APPICON_NAME = AppIcon;
				DEVELOPMENT_TEAM = SGSU47EJ9U;
				INFOPLIST_FILE = AnimalSounds/Info.plist;
				LD_RUNPATH_SEARCH_PATHS = "$(inherited) @executable_path/Frameworks";
				PRODUCT_BUNDLE_IDENTIFIER = com.example.AnimalSounds;
				PRODUCT_NAME = "$(TARGET_NAME)";
				SWIFT_VERSION = 3.0;
			};
			name = Debug;
		};
		7095503F1E15BC4800733D3B /* Release */ = {
			isa = XCBuildConfiguration;
			buildSettings = {
				ASSETCATALOG_COMPILER_APPICON_NAME = AppIcon;
				DEVELOPMENT_TEAM = SGSU47EJ9U;
				INFOPLIST_FILE = AnimalSounds/Info.plist;
				LD_RUNPATH_SEARCH_PATHS = "$(inherited) @executable_path/Frameworks";
				PRODUCT_BUNDLE_IDENTIFIER = com.example.AnimalSounds;
				PRODUCT_NAME = "$(TARGET_NAME)";
				SWIFT_VERSION = 3.0;
			};
			name = Release;
		};
/* End XCBuildConfiguration section */

/* Begin XCConfigurationList section */
		709550261E15BC4800733D3B /* Build configuration list for PBXProject "AnimalSounds" */ = {
			isa = XCConfigurationList;
			buildConfigurations = (
				7095503B1E15BC4800733D3B /* Debug */,
				7095503C1E15BC4800733D3B /* Release */,
			);
			defaultConfigurationIsVisible = 0;
			defaultConfigurationName = Release;
		};
		7095503D1E15BC4800733D3B /* Build configuration list for PBXNativeTarget "AnimalSounds" */ = {
			isa = XCConfigurationList;
			buildConfigurations = (
				7095503E1E15BC4800733D3B /* Debug */,
				7095503F1E15BC4800733D3B /* Release */,
			);
			defaultConfigurationIsVisible = 0;
			defaultConfigurationName = Release;
		};
/* End XCConfigurationList section */
	};
	rootObject = 709550231E15BC4800733D3B /* Project object */;
}
